{
    "_readme": [
        "This file locks the dependencies of your project to a known state",
        "Read more about it at https://getcomposer.org/doc/01-basic-usage.md#installing-dependencies",
        "This file is @generated automatically"
    ],
    "content-hash": "afe996a264afeecb2424018699d95daf",
    "packages": [
        {
            "name": "ning/composer-installer",
            "version": "dev-master",
            "dist": {
                "type": "path",
                "url": "composer-installer",
                "reference": "c4074fd2ca4d21a0ca4870149d3bf3394b317e7c",
                "shasum": null
            },
            "require": {
                "composer-plugin-api": "^1.0"
            },
            "type": "composer-plugin",
            "extra": {
                "class": "Ning\\Composer\\Plugin"
            },
            "autoload": {
                "psr-4": {
                    "Ning\\Composer\\": "src/"
                }
            },
            "description": "Extend the composer/installers plugin to accept ning package type."
        }
    ],
    "packages-dev": [],
    "aliases": [],
    "minimum-stability": "stable",
    "stability-flags": {
        "ning/composer-installer": 20
    },
    "prefer-stable": false,
    "prefer-lowest": false,
    "platform": [],
    "platform-dev": []
}
